
Microsoft Visual Studio Solution File, Format Version 12.00
# Visual Studio Version 17
VisualStudioVersion = 17.14.36429.23 d17.14
MinimumVisualStudioVersion = 10.0.40219.1
Project("{FAE04EC0-301F-11D3-BF4B-00C04F79EFBC}") = "F25W3IntroToInheritance", "F25W3IntroToInheritance\F25W3IntroToInheritance.csproj", "{D0307F17-C942-460E-BE90-EF367F6F2E77}"
EndProject
Project("{FAE04EC0-301F-11D3-BF4B-00C04F79EFBC}") = "InheritanceExercise", "InheritanceExercise\InheritanceExercise.csproj", "{CED55779-9089-44BE-8BC4-645741F3A29E}"
EndProject
Global
	GlobalSection(SolutionConfigurationPlatforms) = preSolution
		Debug|Any CPU = Debug|Any CPU
		Release|Any CPU = Release|Any CPU
	EndGlobalSection
	GlobalSection(ProjectConfigurationPlatforms) = postSolution
		{D0307F17-C942-460E-BE90-EF367F6F2E77}.Debug|Any CPU.ActiveCfg = Debug|Any CPU
		{D0307F17-C942-460E-BE90-EF367F6F2E77}.Debug|Any CPU.Build.0 = Debug|Any CPU
		{D0307F17-C942-460E-BE90-EF367F6F2E77}.Release|Any CPU.ActiveCfg = Release|Any CPU
		{D0307F17-C942-460E-BE90-EF367F6F2E77}.Release|Any CPU.Build.0 = Release|Any CPU
		{CED55779-9089-44BE-8BC4-645741F3A29E}.Debug|Any CPU.ActiveCfg = Debug|Any CPU
		{CED55779-9089-44BE-8BC4-645741F3A29E}.Debug|Any CPU.Build.0 = Debug|Any CPU
		{CED55779-9089-44BE-8BC4-645741F3A29E}.Release|Any CPU.ActiveCfg = Release|Any CPU
		{CED55779-9089-44BE-8BC4-645741F3A29E}.Release|Any CPU.Build.0 = Release|Any CPU
	EndGlobalSection
	GlobalSection(SolutionProperties) = preSolution
		HideSolutionNode = FALSE
	EndGlobalSection
	GlobalSection(ExtensibilityGlobals) = postSolution
		SolutionGuid = {B5000A88-B94C-4BAD-8007-2FC0102DF4E1}
	EndGlobalSection
EndGlobal
